
Microsoft Visual Studio Solution File, Format Version 12.00
# Visual Studio Version 16
VisualStudioVersion = 16.0.29009.5
MinimumVisualStudioVersion = 10.0.40219.1
Project("{FAE04EC0-301F-11D3-BF4B-00C04F79EFBC}") = "Maunovaha.Section1.HelloWorld", "Maunovaha.Section1.HelloWorld\Maunovaha.Section1.HelloWorld.csproj", "{70197884-B8ED-45DC-8030-45D64969E53B}"
EndProject
Global
	GlobalSection(SolutionConfigurationPlatforms) = preSolution
		Debug|Any CPU = Debug|Any CPU
		Release|Any CPU = Release|Any CPU
	EndGlobalSection
	GlobalSection(ProjectConfigurationPlatforms) = postSolution
		{70197884-B8ED-45DC-8030-45D64969E53B}.Debug|Any CPU.ActiveCfg = Debug|Any CPU
		{70197884-B8ED-45DC-8030-45D64969E53B}.Debug|Any CPU.Build.0 = Debug|Any CPU
		{70197884-B8ED-45DC-8030-45D64969E53B}.Release|Any CPU.ActiveCfg = Release|Any CPU
		{70197884-B8ED-45DC-8030-45D64969E53B}.Release|Any CPU.Build.0 = Release|Any CPU
	EndGlobalSection
	GlobalSection(SolutionProperties) = preSolution
		HideSolutionNode = FALSE
	EndGlobalSection
	GlobalSection(ExtensibilityGlobals) = postSolution
		SolutionGuid = {D278A0D4-0809-4E11-BBCE-2EC192B47ED9}
	EndGlobalSection
EndGlobal
