
Microsoft Visual Studio Solution File, Format Version 12.00
# Visual Studio Version 16
VisualStudioVersion = 16.0.29009.5
MinimumVisualStudioVersion = 10.0.40219.1
Project("{9A19103F-16F7-4668-BE54-9A1E7A4F7556}") = "Maunovaha.CSharpMasterClass.S1.HelloWorld", "Maunovaha.CSharpMasterClass.S1.HelloWorld\Maunovaha.CSharpMasterClass.S1.HelloWorld.csproj", "{6BDECE09-BFA7-4F09-BB38-BD0646AB0B2E}"
EndProject
Project("{FAE04EC0-301F-11D3-BF4B-00C04F79EFBC}") = "Maunovaha.CSharpMasterClass.S2.DataTypes", "Maunovaha.CSharpMasterClass.S2.DataTypes\Maunovaha.CSharpMasterClass.S2.DataTypes.csproj", "{C395C376-BA61-4B6C-81E7-BC686AA91F72}"
EndProject
Global
	GlobalSection(SolutionConfigurationPlatforms) = preSolution
		Debug|Any CPU = Debug|Any CPU
		Release|Any CPU = Release|Any CPU
	EndGlobalSection
	GlobalSection(ProjectConfigurationPlatforms) = postSolution
		{6BDECE09-BFA7-4F09-BB38-BD0646AB0B2E}.Debug|Any CPU.ActiveCfg = Debug|Any CPU
		{6BDECE09-BFA7-4F09-BB38-BD0646AB0B2E}.Debug|Any CPU.Build.0 = Debug|Any CPU
		{6BDECE09-BFA7-4F09-BB38-BD0646AB0B2E}.Release|Any CPU.ActiveCfg = Release|Any CPU
		{6BDECE09-BFA7-4F09-BB38-BD0646AB0B2E}.Release|Any CPU.Build.0 = Release|Any CPU
		{C395C376-BA61-4B6C-81E7-BC686AA91F72}.Debug|Any CPU.ActiveCfg = Debug|Any CPU
		{C395C376-BA61-4B6C-81E7-BC686AA91F72}.Debug|Any CPU.Build.0 = Debug|Any CPU
		{C395C376-BA61-4B6C-81E7-BC686AA91F72}.Release|Any CPU.ActiveCfg = Release|Any CPU
		{C395C376-BA61-4B6C-81E7-BC686AA91F72}.Release|Any CPU.Build.0 = Release|Any CPU
	EndGlobalSection
	GlobalSection(SolutionProperties) = preSolution
		HideSolutionNode = FALSE
	EndGlobalSection
	GlobalSection(ExtensibilityGlobals) = postSolution
		SolutionGuid = {5013F543-83DB-4397-BCC7-7E93C19EC4E2}
	EndGlobalSection
EndGlobal
