
Microsoft Visual Studio Solution File, Format Version 12.00
# Visual Studio Version 16
VisualStudioVersion = 16.0.29009.5
MinimumVisualStudioVersion = 10.0.40219.1
Project("{9A19103F-16F7-4668-BE54-9A1E7A4F7556}") = "Maunovaha.CSharpMasterClass.S1.HelloWorld", "Maunovaha.CSharpMasterClass.S1.HelloWorld\Maunovaha.CSharpMasterClass.S1.HelloWorld.csproj", "{6BDECE09-BFA7-4F09-BB38-BD0646AB0B2E}"
EndProject
Project("{9A19103F-16F7-4668-BE54-9A1E7A4F7556}") = "Maunovaha.CSharpMasterClass.S2.DataTypes", "Maunovaha.CSharpMasterClass.S2.DataTypes\Maunovaha.CSharpMasterClass.S2.DataTypes.csproj", "{C395C376-BA61-4B6C-81E7-BC686AA91F72}"
EndProject
Project("{9A19103F-16F7-4668-BE54-9A1E7A4F7556}") = "Maunovaha.CSharpMasterClass.S2.DataTypesChallenge", "Maunovaha.CSharpMasterClass.S2.DataTypesChallenge\Maunovaha.CSharpMasterClass.S2.DataTypesChallenge.csproj", "{1FDA745C-1926-446E-A0DB-EA3A700CFF9F}"
EndProject
Project("{9A19103F-16F7-4668-BE54-9A1E7A4F7556}") = "Maunovaha.CSharpMasterClass.S3.Methods", "Maunovaha.CSharpMasterClass.S3.Methods\Maunovaha.CSharpMasterClass.S3.Methods.csproj", "{119C566E-61B8-4541-AC16-50C615E67CDD}"
EndProject
Project("{9A19103F-16F7-4668-BE54-9A1E7A4F7556}") = "Maunovaha.CSharpMasterClass.S3.MethodsChallenge", "Maunovaha.CSharpMasterClass.S3.MethodsChallenge\Maunovaha.CSharpMasterClass.S3.MethodsChallenge.csproj", "{E1D26941-4980-40B4-A9F9-816FFD13A87A}"
EndProject
Project("{9A19103F-16F7-4668-BE54-9A1E7A4F7556}") = "Maunovaha.CSharpMasterClass.S4.Decisions", "Maunovaha.CSharpMasterClass.S4.Decisions\Maunovaha.CSharpMasterClass.S4.Decisions.csproj", "{D58016B2-DA3B-40B8-9E0C-21FCE6B51F3C}"
EndProject
Project("{9A19103F-16F7-4668-BE54-9A1E7A4F7556}") = "Maunovaha.CSharpMasterClass.S4.DecisionsChallenge1", "Maunovaha.CSharpMasterClass.S4.DecisionsChallenge1\Maunovaha.CSharpMasterClass.S4.DecisionsChallenge1.csproj", "{B00427F5-908F-4812-AC15-BCAD1D6713D0}"
EndProject
Project("{9A19103F-16F7-4668-BE54-9A1E7A4F7556}") = "Maunovaha.CSharpMasterClass.S4.DecisionsChallenge2", "Maunovaha.CSharpMasterClass.S4.DecisionsChallenge2\Maunovaha.CSharpMasterClass.S4.DecisionsChallenge2.csproj", "{B9A03519-89DB-429C-9A34-5CEAD1E000CB}"
EndProject
Global
	GlobalSection(SolutionConfigurationPlatforms) = preSolution
		Debug|Any CPU = Debug|Any CPU
		Release|Any CPU = Release|Any CPU
	EndGlobalSection
	GlobalSection(ProjectConfigurationPlatforms) = postSolution
		{6BDECE09-BFA7-4F09-BB38-BD0646AB0B2E}.Debug|Any CPU.ActiveCfg = Debug|Any CPU
		{6BDECE09-BFA7-4F09-BB38-BD0646AB0B2E}.Debug|Any CPU.Build.0 = Debug|Any CPU
		{6BDECE09-BFA7-4F09-BB38-BD0646AB0B2E}.Release|Any CPU.ActiveCfg = Release|Any CPU
		{6BDECE09-BFA7-4F09-BB38-BD0646AB0B2E}.Release|Any CPU.Build.0 = Release|Any CPU
		{C395C376-BA61-4B6C-81E7-BC686AA91F72}.Debug|Any CPU.ActiveCfg = Debug|Any CPU
		{C395C376-BA61-4B6C-81E7-BC686AA91F72}.Debug|Any CPU.Build.0 = Debug|Any CPU
		{C395C376-BA61-4B6C-81E7-BC686AA91F72}.Release|Any CPU.ActiveCfg = Release|Any CPU
		{C395C376-BA61-4B6C-81E7-BC686AA91F72}.Release|Any CPU.Build.0 = Release|Any CPU
		{1FDA745C-1926-446E-A0DB-EA3A700CFF9F}.Debug|Any CPU.ActiveCfg = Debug|Any CPU
		{1FDA745C-1926-446E-A0DB-EA3A700CFF9F}.Debug|Any CPU.Build.0 = Debug|Any CPU
		{1FDA745C-1926-446E-A0DB-EA3A700CFF9F}.Release|Any CPU.ActiveCfg = Release|Any CPU
		{1FDA745C-1926-446E-A0DB-EA3A700CFF9F}.Release|Any CPU.Build.0 = Release|Any CPU
		{119C566E-61B8-4541-AC16-50C615E67CDD}.Debug|Any CPU.ActiveCfg = Debug|Any CPU
		{119C566E-61B8-4541-AC16-50C615E67CDD}.Debug|Any CPU.Build.0 = Debug|Any CPU
		{119C566E-61B8-4541-AC16-50C615E67CDD}.Release|Any CPU.ActiveCfg = Release|Any CPU
		{119C566E-61B8-4541-AC16-50C615E67CDD}.Release|Any CPU.Build.0 = Release|Any CPU
		{E1D26941-4980-40B4-A9F9-816FFD13A87A}.Debug|Any CPU.ActiveCfg = Debug|Any CPU
		{E1D26941-4980-40B4-A9F9-816FFD13A87A}.Debug|Any CPU.Build.0 = Debug|Any CPU
		{E1D26941-4980-40B4-A9F9-816FFD13A87A}.Release|Any CPU.ActiveCfg = Release|Any CPU
		{E1D26941-4980-40B4-A9F9-816FFD13A87A}.Release|Any CPU.Build.0 = Release|Any CPU
		{D58016B2-DA3B-40B8-9E0C-21FCE6B51F3C}.Debug|Any CPU.ActiveCfg = Debug|Any CPU
		{D58016B2-DA3B-40B8-9E0C-21FCE6B51F3C}.Debug|Any CPU.Build.0 = Debug|Any CPU
		{D58016B2-DA3B-40B8-9E0C-21FCE6B51F3C}.Release|Any CPU.ActiveCfg = Release|Any CPU
		{D58016B2-DA3B-40B8-9E0C-21FCE6B51F3C}.Release|Any CPU.Build.0 = Release|Any CPU
		{B00427F5-908F-4812-AC15-BCAD1D6713D0}.Debug|Any CPU.ActiveCfg = Debug|Any CPU
		{B00427F5-908F-4812-AC15-BCAD1D6713D0}.Debug|Any CPU.Build.0 = Debug|Any CPU
		{B00427F5-908F-4812-AC15-BCAD1D6713D0}.Release|Any CPU.ActiveCfg = Release|Any CPU
		{B00427F5-908F-4812-AC15-BCAD1D6713D0}.Release|Any CPU.Build.0 = Release|Any CPU
		{B9A03519-89DB-429C-9A34-5CEAD1E000CB}.Debug|Any CPU.ActiveCfg = Debug|Any CPU
		{B9A03519-89DB-429C-9A34-5CEAD1E000CB}.Debug|Any CPU.Build.0 = Debug|Any CPU
		{B9A03519-89DB-429C-9A34-5CEAD1E000CB}.Release|Any CPU.ActiveCfg = Release|Any CPU
		{B9A03519-89DB-429C-9A34-5CEAD1E000CB}.Release|Any CPU.Build.0 = Release|Any CPU
	EndGlobalSection
	GlobalSection(SolutionProperties) = preSolution
		HideSolutionNode = FALSE
	EndGlobalSection
	GlobalSection(ExtensibilityGlobals) = postSolution
		SolutionGuid = {5013F543-83DB-4397-BCC7-7E93C19EC4E2}
	EndGlobalSection
EndGlobal
